
Microsoft Visual Studio Solution File, Format Version 12.00
# Visual Studio Version 17
VisualStudioVersion = 17.12.35506.116
MinimumVisualStudioVersion = 10.0.40219.1
Project("{2150E333-8FDC-42A3-9474-1A3956D46DE8}") = "src", "src", "{F1FE080A-AF64-4647-9655-12CED083F299}"
EndProject
Project("{2150E333-8FDC-42A3-9474-1A3956D46DE8}") = "Services", "Services", "{8B9D82B2-AB95-4351-89E9-50D70B306180}"
EndProject
Project("{2150E333-8FDC-42A3-9474-1A3956D46DE8}") = "Catalog", "Catalog", "{ACBB90A7-6C57-4E8E-9381-8B7A58CB015E}"
EndProject
Project("{2150E333-8FDC-42A3-9474-1A3956D46DE8}") = "Basket", "Basket", "{E1AB2358-DD4D-423E-918A-F545FEA44A3A}"
EndProject
Project("{2150E333-8FDC-42A3-9474-1A3956D46DE8}") = "Order", "Order", "{44EEB179-4DAD-486E-9892-E8FDCCF2D40B}"
EndProject
Project("{2150E333-8FDC-42A3-9474-1A3956D46DE8}") = "Payment", "Payment", "{4889EC88-F308-4687-BACD-D705E06CBC6E}"
EndProject
Project("{2150E333-8FDC-42A3-9474-1A3956D46DE8}") = "Stock", "Stock", "{5689779C-ED01-4A0D-AD63-94B7F1CFBD26}"
EndProject
Project("{2150E333-8FDC-42A3-9474-1A3956D46DE8}") = "Notification", "Notification", "{ACC2C3F6-9480-49BA-B817-B69D0B1DB3E0}"
EndProject
Project("{FAE04EC0-301F-11D3-BF4B-00C04F79EFBC}") = "EShop.Catalog.Application", "src\Services\Catalog\EShop.Catalog.Application\EShop.Catalog.Application.csproj", "{03B8948B-5DA0-4B73-8B1E-4BCACF11CAC5}"
EndProject
Project("{FAE04EC0-301F-11D3-BF4B-00C04F79EFBC}") = "EShop.Catalog.Infrastructure", "src\Services\Catalog\EShop.Catalog.Infrastructure\EShop.Catalog.Infrastructure.csproj", "{925A2A80-04BA-41A3-B494-08E7817DF26B}"
EndProject
Project("{2150E333-8FDC-42A3-9474-1A3956D46DE8}") = "Shared", "Shared", "{0088E7B8-C337-4815-A135-49C7E0BA5E63}"
EndProject
Project("{FAE04EC0-301F-11D3-BF4B-00C04F79EFBC}") = "EShop.Shared.SharedLibrary", "src\Shared\EShop.Shared.SharedLibrary\EShop.Shared.SharedLibrary.csproj", "{515907D1-2776-4774-BB29-9D6C4679872C}"
EndProject
Project("{FAE04EC0-301F-11D3-BF4B-00C04F79EFBC}") = "EShop.Catalog.Domain", "src\Services\Catalog\EShop.Catalog.Domain\EShop.Catalog.Domain.csproj", "{C5FDEC98-8519-42C5-8102-1E265A4FBA5F}"
EndProject
Project("{FAE04EC0-301F-11D3-BF4B-00C04F79EFBC}") = "EShop.Catalog.API", "src\Services\Catalog\EShop.Catalog.API\EShop.Catalog.API.csproj", "{F061D7F2-F4D9-4DB4-B92E-265B688B270F}"
EndProject
Global
	GlobalSection(SolutionConfigurationPlatforms) = preSolution
		Debug|Any CPU = Debug|Any CPU
		Release|Any CPU = Release|Any CPU
	EndGlobalSection
	GlobalSection(ProjectConfigurationPlatforms) = postSolution
		{03B8948B-5DA0-4B73-8B1E-4BCACF11CAC5}.Debug|Any CPU.ActiveCfg = Debug|Any CPU
		{03B8948B-5DA0-4B73-8B1E-4BCACF11CAC5}.Debug|Any CPU.Build.0 = Debug|Any CPU
		{03B8948B-5DA0-4B73-8B1E-4BCACF11CAC5}.Release|Any CPU.ActiveCfg = Release|Any CPU
		{03B8948B-5DA0-4B73-8B1E-4BCACF11CAC5}.Release|Any CPU.Build.0 = Release|Any CPU
		{925A2A80-04BA-41A3-B494-08E7817DF26B}.Debug|Any CPU.ActiveCfg = Debug|Any CPU
		{925A2A80-04BA-41A3-B494-08E7817DF26B}.Debug|Any CPU.Build.0 = Debug|Any CPU
		{925A2A80-04BA-41A3-B494-08E7817DF26B}.Release|Any CPU.ActiveCfg = Release|Any CPU
		{925A2A80-04BA-41A3-B494-08E7817DF26B}.Release|Any CPU.Build.0 = Release|Any CPU
		{515907D1-2776-4774-BB29-9D6C4679872C}.Debug|Any CPU.ActiveCfg = Debug|Any CPU
		{515907D1-2776-4774-BB29-9D6C4679872C}.Debug|Any CPU.Build.0 = Debug|Any CPU
		{515907D1-2776-4774-BB29-9D6C4679872C}.Release|Any CPU.ActiveCfg = Release|Any CPU
		{515907D1-2776-4774-BB29-9D6C4679872C}.Release|Any CPU.Build.0 = Release|Any CPU
		{C5FDEC98-8519-42C5-8102-1E265A4FBA5F}.Debug|Any CPU.ActiveCfg = Debug|Any CPU
		{C5FDEC98-8519-42C5-8102-1E265A4FBA5F}.Debug|Any CPU.Build.0 = Debug|Any CPU
		{C5FDEC98-8519-42C5-8102-1E265A4FBA5F}.Release|Any CPU.ActiveCfg = Release|Any CPU
		{C5FDEC98-8519-42C5-8102-1E265A4FBA5F}.Release|Any CPU.Build.0 = Release|Any CPU
		{F061D7F2-F4D9-4DB4-B92E-265B688B270F}.Debug|Any CPU.ActiveCfg = Debug|Any CPU
		{F061D7F2-F4D9-4DB4-B92E-265B688B270F}.Debug|Any CPU.Build.0 = Debug|Any CPU
		{F061D7F2-F4D9-4DB4-B92E-265B688B270F}.Release|Any CPU.ActiveCfg = Release|Any CPU
		{F061D7F2-F4D9-4DB4-B92E-265B688B270F}.Release|Any CPU.Build.0 = Release|Any CPU
	EndGlobalSection
	GlobalSection(SolutionProperties) = preSolution
		HideSolutionNode = FALSE
	EndGlobalSection
	GlobalSection(NestedProjects) = preSolution
		{8B9D82B2-AB95-4351-89E9-50D70B306180} = {F1FE080A-AF64-4647-9655-12CED083F299}
		{ACBB90A7-6C57-4E8E-9381-8B7A58CB015E} = {8B9D82B2-AB95-4351-89E9-50D70B306180}
		{E1AB2358-DD4D-423E-918A-F545FEA44A3A} = {8B9D82B2-AB95-4351-89E9-50D70B306180}
		{44EEB179-4DAD-486E-9892-E8FDCCF2D40B} = {8B9D82B2-AB95-4351-89E9-50D70B306180}
		{4889EC88-F308-4687-BACD-D705E06CBC6E} = {8B9D82B2-AB95-4351-89E9-50D70B306180}
		{5689779C-ED01-4A0D-AD63-94B7F1CFBD26} = {8B9D82B2-AB95-4351-89E9-50D70B306180}
		{ACC2C3F6-9480-49BA-B817-B69D0B1DB3E0} = {8B9D82B2-AB95-4351-89E9-50D70B306180}
		{03B8948B-5DA0-4B73-8B1E-4BCACF11CAC5} = {ACBB90A7-6C57-4E8E-9381-8B7A58CB015E}
		{925A2A80-04BA-41A3-B494-08E7817DF26B} = {ACBB90A7-6C57-4E8E-9381-8B7A58CB015E}
		{0088E7B8-C337-4815-A135-49C7E0BA5E63} = {F1FE080A-AF64-4647-9655-12CED083F299}
		{515907D1-2776-4774-BB29-9D6C4679872C} = {0088E7B8-C337-4815-A135-49C7E0BA5E63}
		{C5FDEC98-8519-42C5-8102-1E265A4FBA5F} = {ACBB90A7-6C57-4E8E-9381-8B7A58CB015E}
		{F061D7F2-F4D9-4DB4-B92E-265B688B270F} = {ACBB90A7-6C57-4E8E-9381-8B7A58CB015E}
	EndGlobalSection
EndGlobal
